
Microsoft Visual Studio Solution File, Format Version 12.00
# Visual Studio 2013
VisualStudioVersion = 12.0.40629.0
MinimumVisualStudioVersion = 10.0.40219.1
Project("{8BC9CEB8-8B4A-11D0-8D11-00A0C91BC942}") = "flex_bison_example", "flex_bison_example\flex_bison_example.vcxproj", "{576601B5-BCC2-4B6C-9750-83F8405DA839}"
EndProject
Project("{8BC9CEB8-8B4A-11D0-8D11-00A0C91BC942}") = "derivative", "derivative\derivative.vcxproj", "{A87DADE6-2FC4-4B1F-B432-A0D97E94F709}"
EndProject
Project("{8BC9CEB8-8B4A-11D0-8D11-00A0C91BC942}") = "test_derivative", "test_derivative\test_derivative.vcxproj", "{F86071DD-AAC4-4DAE-8207-B6F22F8D374E}"
EndProject
Project("{8BC9CEB8-8B4A-11D0-8D11-00A0C91BC942}") = "math_parser", "math_parser\math_parser.vcxproj", "{F0403F7D-2CF0-497E-B369-9F26CB437FC8}"
EndProject
Global
	GlobalSection(SolutionConfigurationPlatforms) = preSolution
		Debug|Win32 = Debug|Win32
		Release|Win32 = Release|Win32
	EndGlobalSection
	GlobalSection(ProjectConfigurationPlatforms) = postSolution
		{576601B5-BCC2-4B6C-9750-83F8405DA839}.Debug|Win32.ActiveCfg = Debug|Win32
		{576601B5-BCC2-4B6C-9750-83F8405DA839}.Debug|Win32.Build.0 = Debug|Win32
		{576601B5-BCC2-4B6C-9750-83F8405DA839}.Release|Win32.ActiveCfg = Release|Win32
		{576601B5-BCC2-4B6C-9750-83F8405DA839}.Release|Win32.Build.0 = Release|Win32
		{A87DADE6-2FC4-4B1F-B432-A0D97E94F709}.Debug|Win32.ActiveCfg = Debug|Win32
		{A87DADE6-2FC4-4B1F-B432-A0D97E94F709}.Debug|Win32.Build.0 = Debug|Win32
		{A87DADE6-2FC4-4B1F-B432-A0D97E94F709}.Release|Win32.ActiveCfg = Release|Win32
		{A87DADE6-2FC4-4B1F-B432-A0D97E94F709}.Release|Win32.Build.0 = Release|Win32
		{F86071DD-AAC4-4DAE-8207-B6F22F8D374E}.Debug|Win32.ActiveCfg = Debug|Win32
		{F86071DD-AAC4-4DAE-8207-B6F22F8D374E}.Debug|Win32.Build.0 = Debug|Win32
		{F86071DD-AAC4-4DAE-8207-B6F22F8D374E}.Release|Win32.ActiveCfg = Release|Win32
		{F86071DD-AAC4-4DAE-8207-B6F22F8D374E}.Release|Win32.Build.0 = Release|Win32
		{F0403F7D-2CF0-497E-B369-9F26CB437FC8}.Debug|Win32.ActiveCfg = Debug|Win32
		{F0403F7D-2CF0-497E-B369-9F26CB437FC8}.Debug|Win32.Build.0 = Debug|Win32
		{F0403F7D-2CF0-497E-B369-9F26CB437FC8}.Release|Win32.ActiveCfg = Release|Win32
		{F0403F7D-2CF0-497E-B369-9F26CB437FC8}.Release|Win32.Build.0 = Release|Win32
	EndGlobalSection
	GlobalSection(SolutionProperties) = preSolution
		HideSolutionNode = FALSE
	EndGlobalSection
EndGlobal
