<?xml version="1.0" encoding="utf-8"?>
<Project ToolsVersion="4.0" xmlns="http://schemas.microsoft.com/developer/msbuild/2003">
  <ItemGroup>
    <Filter Include="Quelldateien">
      <UniqueIdentifier>{4FC737F1-C7A5-4376-A066-2A32D752A2FF}</UniqueIdentifier>
      <Extensions>cpp;c;cc;cxx;def;odl;idl;hpj;bat;asm;asmx</Extensions>
    </Filter>
    <Filter Include="Headerdateien">
      <UniqueIdentifier>{93995380-89BD-4b04-88EB-625FBE52EBFB}</UniqueIdentifier>
      <Extensions>h;hh;hpp;hxx;hm;inl;inc;xsd</Extensions>
    </Filter>
    <Filter Include="Ressourcendateien">
      <UniqueIdentifier>{67DA6AB6-F800-4c08-8B7A-83BB121AAD01}</UniqueIdentifier>
      <Extensions>rc;ico;cur;bmp;dlg;rc2;rct;bin;rgs;gif;jpg;jpeg;jpe;resx;tiff;tif;png;wav;mfcribbon-ms</Extensions>
    </Filter>
    <Filter Include="Generated Files">
      <UniqueIdentifier>{23ae74a2-68cb-415e-9b92-c6b2c2cb99f7}</UniqueIdentifier>
    </Filter>
    <Filter Include="Generated Files\Headerdateien">
      <UniqueIdentifier>{785a518f-5569-475b-a36e-129a62eedc1f}</UniqueIdentifier>
    </Filter>
    <Filter Include="Generated Files\Quelldateien">
      <UniqueIdentifier>{0d049f4f-f368-4f13-8ddc-031cc50b230e}</UniqueIdentifier>
    </Filter>
  </ItemGroup>
  <ItemGroup>
    <ClCompile Include="..\src\driver.cpp">
      <Filter>Quelldateien</Filter>
    </ClCompile>
    <ClCompile Include="..\src\gen_parser.tab.cpp">
      <Filter>Generated Files</Filter>
    </ClCompile>
    <ClCompile Include="..\src\gen_scanner.flex.cpp">
      <Filter>Generated Files</Filter>
    </ClCompile>
  </ItemGroup>
  <ItemGroup>
    <ClInclude Include="..\src\driver.h">
      <Filter>Headerdateien</Filter>
    </ClInclude>
    <ClInclude Include="..\src\expression.h">
      <Filter>Headerdateien</Filter>
    </ClInclude>
    <ClInclude Include="..\src\FlexLexer.h">
      <Filter>Headerdateien</Filter>
    </ClInclude>
    <ClInclude Include="..\src\scanner.h">
      <Filter>Headerdateien</Filter>
    </ClInclude>
    <ClInclude Include="..\src\gen_parser.tab.h">
      <Filter>Generated Files</Filter>
    </ClInclude>
    <ClInclude Include="..\src\location.hh">
      <Filter>Generated Files\Headerdateien</Filter>
    </ClInclude>
    <ClInclude Include="..\src\position.hh">
      <Filter>Generated Files\Headerdateien</Filter>
    </ClInclude>
    <ClInclude Include="..\src\stack.hh">
      <Filter>Generated Files\Headerdateien</Filter>
    </ClInclude>
  </ItemGroup>
  <ItemGroup>
    <Bison Include="..\src\parser.y" />
  </ItemGroup>
  <ItemGroup>
    <Flex Include="..\src\scanner.l" />
  </ItemGroup>
</Project>