
Microsoft Visual Studio Solution File, Format Version 12.00
# Visual Studio 15
VisualStudioVersion = 15.0.27130.2020
MinimumVisualStudioVersion = 10.0.40219.1
Project("{FAE04EC0-301F-11D3-BF4B-00C04F79EFBC}") = "WpfFrontend", "WpfFrontend\WpfFrontend.csproj", "{8D405DFD-01CC-49F9-A5AA-79F12B7F92CC}"
EndProject
Project("{9A19103F-16F7-4668-BE54-9A1E7A4F7556}") = "TestRunner", "TestRunner\TestRunner.csproj", "{A65D7694-245A-4CD3-A976-45A1946F0F30}"
EndProject
Project("{FAE04EC0-301F-11D3-BF4B-00C04F79EFBC}") = "ConsoleFrontend", "ConsoleFrontend\ConsoleFrontend.csproj", "{0C5B88E5-D40B-4336-A7C8-802A4D46B1C6}"
EndProject
Global
	GlobalSection(SolutionConfigurationPlatforms) = preSolution
		Debug|Any CPU = Debug|Any CPU
		Release|Any CPU = Release|Any CPU
	EndGlobalSection
	GlobalSection(ProjectConfigurationPlatforms) = postSolution
		{8D405DFD-01CC-49F9-A5AA-79F12B7F92CC}.Debug|Any CPU.ActiveCfg = Debug|Any CPU
		{8D405DFD-01CC-49F9-A5AA-79F12B7F92CC}.Debug|Any CPU.Build.0 = Debug|Any CPU
		{8D405DFD-01CC-49F9-A5AA-79F12B7F92CC}.Release|Any CPU.ActiveCfg = Release|Any CPU
		{8D405DFD-01CC-49F9-A5AA-79F12B7F92CC}.Release|Any CPU.Build.0 = Release|Any CPU
		{A65D7694-245A-4CD3-A976-45A1946F0F30}.Debug|Any CPU.ActiveCfg = Debug|Any CPU
		{A65D7694-245A-4CD3-A976-45A1946F0F30}.Debug|Any CPU.Build.0 = Debug|Any CPU
		{A65D7694-245A-4CD3-A976-45A1946F0F30}.Release|Any CPU.ActiveCfg = Release|Any CPU
		{A65D7694-245A-4CD3-A976-45A1946F0F30}.Release|Any CPU.Build.0 = Release|Any CPU
		{0C5B88E5-D40B-4336-A7C8-802A4D46B1C6}.Debug|Any CPU.ActiveCfg = Debug|Any CPU
		{0C5B88E5-D40B-4336-A7C8-802A4D46B1C6}.Debug|Any CPU.Build.0 = Debug|Any CPU
		{0C5B88E5-D40B-4336-A7C8-802A4D46B1C6}.Release|Any CPU.ActiveCfg = Release|Any CPU
		{0C5B88E5-D40B-4336-A7C8-802A4D46B1C6}.Release|Any CPU.Build.0 = Release|Any CPU
	EndGlobalSection
	GlobalSection(SolutionProperties) = preSolution
		HideSolutionNode = FALSE
	EndGlobalSection
	GlobalSection(ExtensibilityGlobals) = postSolution
		SolutionGuid = {3A9171DE-C931-40C4-B761-7466C963E04C}
	EndGlobalSection
EndGlobal
