
Microsoft Visual Studio Solution File, Format Version 12.00
# Visual Studio 15
VisualStudioVersion = 15.0.26730.15
MinimumVisualStudioVersion = 10.0.40219.1
Project("{FAE04EC0-301F-11D3-BF4B-00C04F79EFBC}") = "Api", "Api\Api.csproj", "{84FE51DA-ADEE-49AC-A25B-DBD467F627EE}"
EndProject
Global
	GlobalSection(SolutionConfigurationPlatforms) = preSolution
		Debug|Any CPU = Debug|Any CPU
		Release|Any CPU = Release|Any CPU
	EndGlobalSection
	GlobalSection(ProjectConfigurationPlatforms) = postSolution
		{84FE51DA-ADEE-49AC-A25B-DBD467F627EE}.Debug|Any CPU.ActiveCfg = Debug|Any CPU
		{84FE51DA-ADEE-49AC-A25B-DBD467F627EE}.Debug|Any CPU.Build.0 = Debug|Any CPU
		{84FE51DA-ADEE-49AC-A25B-DBD467F627EE}.Release|Any CPU.ActiveCfg = Release|Any CPU
		{84FE51DA-ADEE-49AC-A25B-DBD467F627EE}.Release|Any CPU.Build.0 = Release|Any CPU
	EndGlobalSection
	GlobalSection(SolutionProperties) = preSolution
		HideSolutionNode = FALSE
	EndGlobalSection
	GlobalSection(ExtensibilityGlobals) = postSolution
		SolutionGuid = {A4DDE806-8A9A-4115-BEC8-DF6F0EEFB07D}
	EndGlobalSection
EndGlobal
